// !$*UTF8*$!
{
	archiveVersion = 1;
	classes = {
	};
	objectVersion = 51;
	objects = {

/* Begin PBXBuildFile section */
		0D54B4E125A7D90900C61E04 /* PaymentSuccessfulViewController.swift in Sources */ = {isa = PBXBuildFile; fileRef = 0D54B4E025A7D90900C61E04 /* PaymentSuccessfulViewController.swift */; };
		0D54B51425A7F67A00C61E04 /* String+Extension.swift in Sources */ = {isa = PBXBuildFile; fileRef = 0D54B51325A7F67A00C61E04 /* String+Extension.swift */; };
		0D54B52925A8235400C61E04 /* PaymentSuccessful.storyboard in Resources */ = {isa = PBXBuildFile; fileRef = 0D54B52825A8235400C61E04 /* PaymentSuccessful.storyboard */; };
		0D54B53225A8761C00C61E04 /* HelperMethods.swift in Sources */ = {isa = PBXBuildFile; fileRef = 0D54B53125A8761C00C61E04 /* HelperMethods.swift */; };
		0DD7674625A7A61F00A516F6 /* AppDelegate.swift in Sources */ = {isa = PBXBuildFile; fileRef = 0DD7674525A7A61F00A516F6 /* AppDelegate.swift */; };
		0DD7674825A7A61F00A516F6 /* SceneDelegate.swift in Sources */ = {isa = PBXBuildFile; fileRef = 0DD7674725A7A61F00A516F6 /* SceneDelegate.swift */; };
		0DD7674D25A7A61F00A516F6 /* Main.storyboard in Resources */ = {isa = PBXBuildFile; fileRef = 0DD7674B25A7A61F00A516F6 /* Main.storyboard */; };
		0DD7675025A7A61F00A516F6 /* MorrTechPaymentProject.xcdatamodeld in Sources */ = {isa = PBXBuildFile; fileRef = 0DD7674E25A7A61F00A516F6 /* MorrTechPaymentProject.xcdatamodeld */; };
		0DD7675225A7A62300A516F6 /* Assets.xcassets in Resources */ = {isa = PBXBuildFile; fileRef = 0DD7675125A7A62300A516F6 /* Assets.xcassets */; };
		0DD7675525A7A62300A516F6 /* LaunchScreen.storyboard in Resources */ = {isa = PBXBuildFile; fileRef = 0DD7675325A7A62300A516F6 /* LaunchScreen.storyboard */; };
		0DD7676025A7A62400A516F6 /* MorrTechPaymentProjectTests.swift in Sources */ = {isa = PBXBuildFile; fileRef = 0DD7675F25A7A62400A516F6 /* MorrTechPaymentProjectTests.swift */; };
		0DD7676B25A7A62400A516F6 /* MorrTechPaymentProjectUITests.swift in Sources */ = {isa = PBXBuildFile; fileRef = 0DD7676A25A7A62400A516F6 /* MorrTechPaymentProjectUITests.swift */; };
		0DD7678325A7A7ED00A516F6 /* InputCardDetails.storyboard in Resources */ = {isa = PBXBuildFile; fileRef = 0DD7678225A7A7ED00A516F6 /* InputCardDetails.storyboard */; };
		0DD7678825A7A87200A516F6 /* InputCardDetailsViewController.swift in Sources */ = {isa = PBXBuildFile; fileRef = 0DD7678725A7A87200A516F6 /* InputCardDetailsViewController.swift */; };
		1BB85B625CDC7425264F3367 /* Pods_MorrTechPaymentProject_MorrTechPaymentProjectUITests.framework in Frameworks */ = {isa = PBXBuildFile; fileRef = 6125F84C134D6FF3B2F61373 /* Pods_MorrTechPaymentProject_MorrTechPaymentProjectUITests.framework */; };
		4F97FA3B5D23F99574045296 /* Pods_MorrTechPaymentProject.framework in Frameworks */ = {isa = PBXBuildFile; fileRef = EF570F5A262102A5DDF1886C /* Pods_MorrTechPaymentProject.framework */; };
		7E5E5FA6D9CEF4DD06CD95FC /* Pods_MorrTechPaymentProjectTests.framework in Frameworks */ = {isa = PBXBuildFile; fileRef = FE67168A20B9FF004D4FD919 /* Pods_MorrTechPaymentProjectTests.framework */; };
/* End PBXBuildFile section */

/* Begin PBXContainerItemProxy section */
		0DD7675C25A7A62400A516F6 /* PBXContainerItemProxy */ = {
			isa = PBXContainerItemProxy;
			containerPortal = 0DD7673A25A7A61F00A516F6 /* Project object */;
			proxyType = 1;
			remoteGlobalIDString = 0DD7674125A7A61F00A516F6;
			remoteInfo = MorrTechPaymentProject;
		};
		0DD7676725A7A62400A516F6 /* PBXContainerItemProxy */ = {
			isa = PBXContainerItemProxy;
			containerPortal = 0DD7673A25A7A61F00A516F6 /* Project object */;
			proxyType = 1;
			remoteGlobalIDString = 0DD7674125A7A61F00A516F6;
			remoteInfo = MorrTechPaymentProject;
		};
/* End PBXContainerItemProxy section */

/* Begin PBXFileReference section */
		029A88120485991DE7722AD9 /* Pods-MorrTechPaymentProject.debug.xcconfig */ = {isa = PBXFileReference; includeInIndex = 1; lastKnownFileType = text.xcconfig; name = "Pods-MorrTechPaymentProject.debug.xcconfig"; path = "Target Support Files/Pods-MorrTechPaymentProject/Pods-MorrTechPaymentProject.debug.xcconfig"; sourceTree = "<group>"; };
		0D54B4E025A7D90900C61E04 /* PaymentSuccessfulViewController.swift */ = {isa = PBXFileReference; lastKnownFileType = sourcecode.swift; path = PaymentSuccessfulViewController.swift; sourceTree = "<group>"; };
		0D54B51325A7F67A00C61E04 /* String+Extension.swift */ = {isa = PBXFileReference; fileEncoding = 4; lastKnownFileType = sourcecode.swift; path = "String+Extension.swift"; sourceTree = "<group>"; };
		0D54B52825A8235400C61E04 /* PaymentSuccessful.storyboard */ = {isa = PBXFileReference; lastKnownFileType = file.storyboard; path = PaymentSuccessful.storyboard; sourceTree = "<group>"; };
		0D54B53125A8761C00C61E04 /* HelperMethods.swift */ = {isa = PBXFileReference; lastKnownFileType = sourcecode.swift; path = HelperMethods.swift; sourceTree = "<group>"; };
		0DD7674225A7A61F00A516F6 /* MorrTechPaymentProject.app */ = {isa = PBXFileReference; explicitFileType = wrapper.application; includeInIndex = 0; path = MorrTechPaymentProject.app; sourceTree = BUILT_PRODUCTS_DIR; };
		0DD7674525A7A61F00A516F6 /* AppDelegate.swift */ = {isa = PBXFileReference; lastKnownFileType = sourcecode.swift; path = AppDelegate.swift; sourceTree = "<group>"; };
		0DD7674725A7A61F00A516F6 /* SceneDelegate.swift */ = {isa = PBXFileReference; lastKnownFileType = sourcecode.swift; path = SceneDelegate.swift; sourceTree = "<group>"; };
		0DD7674C25A7A61F00A516F6 /* Base */ = {isa = PBXFileReference; lastKnownFileType = file.storyboard; name = Base; path = Base.lproj/Main.storyboard; sourceTree = "<group>"; };
		0DD7674F25A7A61F00A516F6 /* MorrTechPaymentProject.xcdatamodel */ = {isa = PBXFileReference; lastKnownFileType = wrapper.xcdatamodel; path = MorrTechPaymentProject.xcdatamodel; sourceTree = "<group>"; };
		0DD7675125A7A62300A516F6 /* Assets.xcassets */ = {isa = PBXFileReference; lastKnownFileType = folder.assetcatalog; path = Assets.xcassets; sourceTree = "<group>"; };
		0DD7675425A7A62300A516F6 /* Base */ = {isa = PBXFileReference; lastKnownFileType = file.storyboard; name = Base; path = Base.lproj/LaunchScreen.storyboard; sourceTree = "<group>"; };
		0DD7675625A7A62300A516F6 /* Info.plist */ = {isa = PBXFileReference; lastKnownFileType = text.plist.xml; path = Info.plist; sourceTree = "<group>"; };
		0DD7675B25A7A62400A516F6 /* MorrTechPaymentProjectTests.xctest */ = {isa = PBXFileReference; explicitFileType = wrapper.cfbundle; includeInIndex = 0; path = MorrTechPaymentProjectTests.xctest; sourceTree = BUILT_PRODUCTS_DIR; };
		0DD7675F25A7A62400A516F6 /* MorrTechPaymentProjectTests.swift */ = {isa = PBXFileReference; lastKnownFileType = sourcecode.swift; path = MorrTechPaymentProjectTests.swift; sourceTree = "<group>"; };
		0DD7676125A7A62400A516F6 /* Info.plist */ = {isa = PBXFileReference; lastKnownFileType = text.plist.xml; path = Info.plist; sourceTree = "<group>"; };
		0DD7676625A7A62400A516F6 /* MorrTechPaymentProjectUITests.xctest */ = {isa = PBXFileReference; explicitFileType = wrapper.cfbundle; includeInIndex = 0; path = MorrTechPaymentProjectUITests.xctest; sourceTree = BUILT_PRODUCTS_DIR; };
		0DD7676A25A7A62400A516F6 /* MorrTechPaymentProjectUITests.swift */ = {isa = PBXFileReference; lastKnownFileType = sourcecode.swift; path = MorrTechPaymentProjectUITests.swift; sourceTree = "<group>"; };
		0DD7676C25A7A62400A516F6 /* Info.plist */ = {isa = PBXFileReference; lastKnownFileType = text.plist.xml; path = Info.plist; sourceTree = "<group>"; };
		0DD7678225A7A7ED00A516F6 /* InputCardDetails.storyboard */ = {isa = PBXFileReference; lastKnownFileType = file.storyboard; path = InputCardDetails.storyboard; sourceTree = "<group>"; };
		0DD7678725A7A87200A516F6 /* InputCardDetailsViewController.swift */ = {isa = PBXFileReference; lastKnownFileType = sourcecode.swift; path = InputCardDetailsViewController.swift; sourceTree = "<group>"; };
		0EE57D13A56C4E279CB896EF /* Pods-MorrTechPaymentProject.release.xcconfig */ = {isa = PBXFileReference; includeInIndex = 1; lastKnownFileType = text.xcconfig; name = "Pods-MorrTechPaymentProject.release.xcconfig"; path = "Target Support Files/Pods-MorrTechPaymentProject/Pods-MorrTechPaymentProject.release.xcconfig"; sourceTree = "<group>"; };
		217A63C10C877228C616CD76 /* Pods-MorrTechPaymentProject-MorrTechPaymentProjectUITests.debug.xcconfig */ = {isa = PBXFileReference; includeInIndex = 1; lastKnownFileType = text.xcconfig; name = "Pods-MorrTechPaymentProject-MorrTechPaymentProjectUITests.debug.xcconfig"; path = "Target Support Files/Pods-MorrTechPaymentProject-MorrTechPaymentProjectUITests/Pods-MorrTechPaymentProject-MorrTechPaymentProjectUITests.debug.xcconfig"; sourceTree = "<group>"; };
		6125F84C134D6FF3B2F61373 /* Pods_MorrTechPaymentProject_MorrTechPaymentProjectUITests.framework */ = {isa = PBXFileReference; explicitFileType = wrapper.framework; includeInIndex = 0; path = Pods_MorrTechPaymentProject_MorrTechPaymentProjectUITests.framework; sourceTree = BUILT_PRODUCTS_DIR; };
		9E8B64ED881B69F7755C5963 /* Pods-MorrTechPaymentProjectTests.debug.xcconfig */ = {isa = PBXFileReference; includeInIndex = 1; lastKnownFileType = text.xcconfig; name = "Pods-MorrTechPaymentProjectTests.debug.xcconfig"; path = "Target Support Files/Pods-MorrTechPaymentProjectTests/Pods-MorrTechPaymentProjectTests.debug.xcconfig"; sourceTree = "<group>"; };
		D82A4184BC978066A7C40D15 /* Pods-MorrTechPaymentProject-MorrTechPaymentProjectUITests.release.xcconfig */ = {isa = PBXFileReference; includeInIndex = 1; lastKnownFileType = text.xcconfig; name = "Pods-MorrTechPaymentProject-MorrTechPaymentProjectUITests.release.xcconfig"; path = "Target Support Files/Pods-MorrTechPaymentProject-MorrTechPaymentProjectUITests/Pods-MorrTechPaymentProject-MorrTechPaymentProjectUITests.release.xcconfig"; sourceTree = "<group>"; };
		DDF282758140038677A05171 /* Pods-MorrTechPaymentProjectTests.release.xcconfig */ = {isa = PBXFileReference; includeInIndex = 1; lastKnownFileType = text.xcconfig; name = "Pods-MorrTechPaymentProjectTests.release.xcconfig"; path = "Target Support Files/Pods-MorrTechPaymentProjectTests/Pods-MorrTechPaymentProjectTests.release.xcconfig"; sourceTree = "<group>"; };
		EF570F5A262102A5DDF1886C /* Pods_MorrTechPaymentProject.framework */ = {isa = PBXFileReference; explicitFileType = wrapper.framework; includeInIndex = 0; path = Pods_MorrTechPaymentProject.framework; sourceTree = BUILT_PRODUCTS_DIR; };
		FE67168A20B9FF004D4FD919 /* Pods_MorrTechPaymentProjectTests.framework */ = {isa = PBXFileReference; explicitFileType = wrapper.framework; includeInIndex = 0; path = Pods_MorrTechPaymentProjectTests.framework; sourceTree = BUILT_PRODUCTS_DIR; };
/* End PBXFileReference section */

/* Begin PBXFrameworksBuildPhase section */
		0DD7673F25A7A61F00A516F6 /* Frameworks */ = {
			isa = PBXFrameworksBuildPhase;
			buildActionMask = 2147483647;
			files = (
				4F97FA3B5D23F99574045296 /* Pods_MorrTechPaymentProject.framework in Frameworks */,
			);
			runOnlyForDeploymentPostprocessing = 0;
		};
		0DD7675825A7A62400A516F6 /* Frameworks */ = {
			isa = PBXFrameworksBuildPhase;
			buildActionMask = 2147483647;
			files = (
				7E5E5FA6D9CEF4DD06CD95FC /* Pods_MorrTechPaymentProjectTests.framework in Frameworks */,
			);
			runOnlyForDeploymentPostprocessing = 0;
		};
		0DD7676325A7A62400A516F6 /* Frameworks */ = {
			isa = PBXFrameworksBuildPhase;
			buildActionMask = 2147483647;
			files = (
				1BB85B625CDC7425264F3367 /* Pods_MorrTechPaymentProject_MorrTechPaymentProjectUITests.framework in Frameworks */,
			);
			runOnlyForDeploymentPostprocessing = 0;
		};
/* End PBXFrameworksBuildPhase section */

/* Begin PBXGroup section */
		0D54B53025A875FF00C61E04 /* Utils */ = {
			isa = PBXGroup;
			children = (
				0D54B53125A8761C00C61E04 /* HelperMethods.swift */,
			);
			path = Utils;
			sourceTree = "<group>";
		};
		0DD7673925A7A61F00A516F6 = {
			isa = PBXGroup;
			children = (
				0DD7674425A7A61F00A516F6 /* MorrTechPaymentProject */,
				0DD7675E25A7A62400A516F6 /* MorrTechPaymentProjectTests */,
				0DD7676925A7A62400A516F6 /* MorrTechPaymentProjectUITests */,
				0DD7674325A7A61F00A516F6 /* Products */,
				D3683EAA79C34645B30EB8B1 /* Pods */,
				AA31893CBAE9E34460F1A956 /* Frameworks */,
			);
			sourceTree = "<group>";
		};
		0DD7674325A7A61F00A516F6 /* Products */ = {
			isa = PBXGroup;
			children = (
				0DD7674225A7A61F00A516F6 /* MorrTechPaymentProject.app */,
				0DD7675B25A7A62400A516F6 /* MorrTechPaymentProjectTests.xctest */,
				0DD7676625A7A62400A516F6 /* MorrTechPaymentProjectUITests.xctest */,
			);
			name = Products;
			sourceTree = "<group>";
		};
		0DD7674425A7A61F00A516F6 /* MorrTechPaymentProject */ = {
			isa = PBXGroup;
			children = (
				0D54B53025A875FF00C61E04 /* Utils */,
				0DD7678025A7A6E000A516F6 /* Storyboards */,
				0DD7677F25A7A6C500A516F6 /* Extensions */,
				0DD7677B25A7A64400A516F6 /* View Controllers */,
				0DD7674525A7A61F00A516F6 /* AppDelegate.swift */,
				0DD7674725A7A61F00A516F6 /* SceneDelegate.swift */,
				0DD7674B25A7A61F00A516F6 /* Main.storyboard */,
				0DD7675125A7A62300A516F6 /* Assets.xcassets */,
				0DD7675325A7A62300A516F6 /* LaunchScreen.storyboard */,
				0DD7675625A7A62300A516F6 /* Info.plist */,
				0DD7674E25A7A61F00A516F6 /* MorrTechPaymentProject.xcdatamodeld */,
			);
			path = MorrTechPaymentProject;
			sourceTree = "<group>";
		};
		0DD7675E25A7A62400A516F6 /* MorrTechPaymentProjectTests */ = {
			isa = PBXGroup;
			children = (
				0DD7675F25A7A62400A516F6 /* MorrTechPaymentProjectTests.swift */,
				0DD7676125A7A62400A516F6 /* Info.plist */,
			);
			path = MorrTechPaymentProjectTests;
			sourceTree = "<group>";
		};
		0DD7676925A7A62400A516F6 /* MorrTechPaymentProjectUITests */ = {
			isa = PBXGroup;
			children = (
				0DD7676A25A7A62400A516F6 /* MorrTechPaymentProjectUITests.swift */,
				0DD7676C25A7A62400A516F6 /* Info.plist */,
			);
			path = MorrTechPaymentProjectUITests;
			sourceTree = "<group>";
		};
		0DD7677B25A7A64400A516F6 /* View Controllers */ = {
			isa = PBXGroup;
			children = (
				0DD7678725A7A87200A516F6 /* InputCardDetailsViewController.swift */,
				0D54B4E025A7D90900C61E04 /* PaymentSuccessfulViewController.swift */,
			);
			path = "View Controllers";
			sourceTree = "<group>";
		};
		0DD7677F25A7A6C500A516F6 /* Extensions */ = {
			isa = PBXGroup;
			children = (
				0D54B51325A7F67A00C61E04 /* String+Extension.swift */,
			);
			path = Extensions;
			sourceTree = "<group>";
		};
		0DD7678025A7A6E000A516F6 /* Storyboards */ = {
			isa = PBXGroup;
			children = (
				0DD7678225A7A7ED00A516F6 /* InputCardDetails.storyboard */,
				0D54B52825A8235400C61E04 /* PaymentSuccessful.storyboard */,
			);
			path = Storyboards;
			sourceTree = "<group>";
		};
		AA31893CBAE9E34460F1A956 /* Frameworks */ = {
			isa = PBXGroup;
			children = (
				EF570F5A262102A5DDF1886C /* Pods_MorrTechPaymentProject.framework */,
				6125F84C134D6FF3B2F61373 /* Pods_MorrTechPaymentProject_MorrTechPaymentProjectUITests.framework */,
				FE67168A20B9FF004D4FD919 /* Pods_MorrTechPaymentProjectTests.framework */,
			);
			name = Frameworks;
			sourceTree = "<group>";
		};
		D3683EAA79C34645B30EB8B1 /* Pods */ = {
			isa = PBXGroup;
			children = (
				029A88120485991DE7722AD9 /* Pods-MorrTechPaymentProject.debug.xcconfig */,
				0EE57D13A56C4E279CB896EF /* Pods-MorrTechPaymentProject.release.xcconfig */,
				217A63C10C877228C616CD76 /* Pods-MorrTechPaymentProject-MorrTechPaymentProjectUITests.debug.xcconfig */,
				D82A4184BC978066A7C40D15 /* Pods-MorrTechPaymentProject-MorrTechPaymentProjectUITests.release.xcconfig */,
				9E8B64ED881B69F7755C5963 /* Pods-MorrTechPaymentProjectTests.debug.xcconfig */,
				DDF282758140038677A05171 /* Pods-MorrTechPaymentProjectTests.release.xcconfig */,
			);
			path = Pods;
			sourceTree = "<group>";
		};
/* End PBXGroup section */

/* Begin PBXNativeTarget section */
		0DD7674125A7A61F00A516F6 /* MorrTechPaymentProject */ = {
			isa = PBXNativeTarget;
			buildConfigurationList = 0DD7676F25A7A62400A516F6 /* Build configuration list for PBXNativeTarget "MorrTechPaymentProject" */;
			buildPhases = (
				AD1986DFBDDB1F8E57A8F1AF /* [CP] Check Pods Manifest.lock */,
				0DD7673E25A7A61F00A516F6 /* Sources */,
				0DD7673F25A7A61F00A516F6 /* Frameworks */,
				0DD7674025A7A61F00A516F6 /* Resources */,
				694D5CB15AFF025AC2522020 /* [CP] Embed Pods Frameworks */,
			);
			buildRules = (
			);
			dependencies = (
			);
			name = MorrTechPaymentProject;
			productName = MorrTechPaymentProject;
			productReference = 0DD7674225A7A61F00A516F6 /* MorrTechPaymentProject.app */;
			productType = "com.apple.product-type.application";
		};
		0DD7675A25A7A62400A516F6 /* MorrTechPaymentProjectTests */ = {
			isa = PBXNativeTarget;
			buildConfigurationList = 0DD7677225A7A62400A516F6 /* Build configuration list for PBXNativeTarget "MorrTechPaymentProjectTests" */;
			buildPhases = (
				F7D4822206D7F22B6C388636 /* [CP] Check Pods Manifest.lock */,
				0DD7675725A7A62400A516F6 /* Sources */,
				0DD7675825A7A62400A516F6 /* Frameworks */,
				0DD7675925A7A62400A516F6 /* Resources */,
			);
			buildRules = (
			);
			dependencies = (
				0DD7675D25A7A62400A516F6 /* PBXTargetDependency */,
			);
			name = MorrTechPaymentProjectTests;
			productName = MorrTechPaymentProjectTests;
			productReference = 0DD7675B25A7A62400A516F6 /* MorrTechPaymentProjectTests.xctest */;
			productType = "com.apple.product-type.bundle.unit-test";
		};
		0DD7676525A7A62400A516F6 /* MorrTechPaymentProjectUITests */ = {
			isa = PBXNativeTarget;
			buildConfigurationList = 0DD7677525A7A62400A516F6 /* Build configuration list for PBXNativeTarget "MorrTechPaymentProjectUITests" */;
			buildPhases = (
				29DB376D9E573F5F4DF54525 /* [CP] Check Pods Manifest.lock */,
				0DD7676225A7A62400A516F6 /* Sources */,
				0DD7676325A7A62400A516F6 /* Frameworks */,
				0DD7676425A7A62400A516F6 /* Resources */,
				1B59D25EC9E6971A0788A926 /* [CP] Embed Pods Frameworks */,
			);
			buildRules = (
			);
			dependencies = (
				0DD7676825A7A62400A516F6 /* PBXTargetDependency */,
			);
			name = MorrTechPaymentProjectUITests;
			productName = MorrTechPaymentProjectUITests;
			productReference = 0DD7676625A7A62400A516F6 /* MorrTechPaymentProjectUITests.xctest */;
			productType = "com.apple.product-type.bundle.ui-testing";
		};
/* End PBXNativeTarget section */

/* Begin PBXProject section */
		0DD7673A25A7A61F00A516F6 /* Project object */ = {
			isa = PBXProject;
			attributes = {
				LastSwiftUpdateCheck = 1220;
				LastUpgradeCheck = 1220;
				TargetAttributes = {
					0DD7674125A7A61F00A516F6 = {
						CreatedOnToolsVersion = 12.2;
					};
					0DD7675A25A7A62400A516F6 = {
						CreatedOnToolsVersion = 12.2;
						TestTargetID = 0DD7674125A7A61F00A516F6;
					};
					0DD7676525A7A62400A516F6 = {
						CreatedOnToolsVersion = 12.2;
						TestTargetID = 0DD7674125A7A61F00A516F6;
					};
				};
			};
			buildConfigurationList = 0DD7673D25A7A61F00A516F6 /* Build configuration list for PBXProject "MorrTechPaymentProject" */;
			compatibilityVersion = "Xcode 9.3";
			developmentRegion = en;
			hasScannedForEncodings = 0;
			knownRegions = (
				en,
				Base,
			);
			mainGroup = 0DD7673925A7A61F00A516F6;
			productRefGroup = 0DD7674325A7A61F00A516F6 /* Products */;
			projectDirPath = "";
			projectRoot = "";
			targets = (
				0DD7674125A7A61F00A516F6 /* MorrTechPaymentProject */,
				0DD7675A25A7A62400A516F6 /* MorrTechPaymentProjectTests */,
				0DD7676525A7A62400A516F6 /* MorrTechPaymentProjectUITests */,
			);
		};
/* End PBXProject section */

/* Begin PBXResourcesBuildPhase section */
		0DD7674025A7A61F00A516F6 /* Resources */ = {
			isa = PBXResourcesBuildPhase;
			buildActionMask = 2147483647;
			files = (
				0D54B52925A8235400C61E04 /* PaymentSuccessful.storyboard in Resources */,
				0DD7675525A7A62300A516F6 /* LaunchScreen.storyboard in Resources */,
				0DD7675225A7A62300A516F6 /* Assets.xcassets in Resources */,
				0DD7678325A7A7ED00A516F6 /* InputCardDetails.storyboard in Resources */,
				0DD7674D25A7A61F00A516F6 /* Main.storyboard in Resources */,
			);
			runOnlyForDeploymentPostprocessing = 0;
		};
		0DD7675925A7A62400A516F6 /* Resources */ = {
			isa = PBXResourcesBuildPhase;
			buildActionMask = 2147483647;
			files = (
			);
			runOnlyForDeploymentPostprocessing = 0;
		};
		0DD7676425A7A62400A516F6 /* Resources */ = {
			isa = PBXResourcesBuildPhase;
			buildActionMask = 2147483647;
			files = (
			);
			runOnlyForDeploymentPostprocessing = 0;
		};
/* End PBXResourcesBuildPhase section */

/* Begin PBXShellScriptBuildPhase section */
		1B59D25EC9E6971A0788A926 /* [CP] Embed Pods Frameworks */ = {
			isa = PBXShellScriptBuildPhase;
			buildActionMask = 2147483647;
			files = (
			);
			inputFileListPaths = (
				"${PODS_ROOT}/Target Support Files/Pods-MorrTechPaymentProject-MorrTechPaymentProjectUITests/Pods-MorrTechPaymentProject-MorrTechPaymentProjectUITests-frameworks-${CONFIGURATION}-input-files.xcfilelist",
			);
			name = "[CP] Embed Pods Frameworks";
			outputFileListPaths = (
				"${PODS_ROOT}/Target Support Files/Pods-MorrTechPaymentProject-MorrTechPaymentProjectUITests/Pods-MorrTechPaymentProject-MorrTechPaymentProjectUITests-frameworks-${CONFIGURATION}-output-files.xcfilelist",
			);
			runOnlyForDeploymentPostprocessing = 0;
			shellPath = /bin/sh;
			shellScript = "\"${PODS_ROOT}/Target Support Files/Pods-MorrTechPaymentProject-MorrTechPaymentProjectUITests/Pods-MorrTechPaymentProject-MorrTechPaymentProjectUITests-frameworks.sh\"\n";
			showEnvVarsInLog = 0;
		};
		29DB376D9E573F5F4DF54525 /* [CP] Check Pods Manifest.lock */ = {
			isa = PBXShellScriptBuildPhase;
			buildActionMask = 2147483647;
			files = (
			);
			inputFileListPaths = (
			);
			inputPaths = (
				"${PODS_PODFILE_DIR_PATH}/Podfile.lock",
				"${PODS_ROOT}/Manifest.lock",
			);
			name = "[CP] Check Pods Manifest.lock";
			outputFileListPaths = (
			);
			outputPaths = (
				"$(DERIVED_FILE_DIR)/Pods-MorrTechPaymentProject-MorrTechPaymentProjectUITests-checkManifestLockResult.txt",
			);
			runOnlyForDeploymentPostprocessing = 0;
			shellPath = /bin/sh;
			shellScript = "diff \"${PODS_PODFILE_DIR_PATH}/Podfile.lock\" \"${PODS_ROOT}/Manifest.lock\" > /dev/null\nif [ $? != 0 ] ; then\n    # print error to STDERR\n    echo \"error: The sandbox is not in sync with the Podfile.lock. Run 'pod install' or update your CocoaPods installation.\" >&2\n    exit 1\nfi\n# This output is used by Xcode 'outputs' to avoid re-running this script phase.\necho \"SUCCESS\" > \"${SCRIPT_OUTPUT_FILE_0}\"\n";
			showEnvVarsInLog = 0;
		};
		694D5CB15AFF025AC2522020 /* [CP] Embed Pods Frameworks */ = {
			isa = PBXShellScriptBuildPhase;
			buildActionMask = 2147483647;
			files = (
			);
			inputFileListPaths = (
				"${PODS_ROOT}/Target Support Files/Pods-MorrTechPaymentProject/Pods-MorrTechPaymentProject-frameworks-${CONFIGURATION}-input-files.xcfilelist",
			);
			name = "[CP] Embed Pods Frameworks";
			outputFileListPaths = (
				"${PODS_ROOT}/Target Support Files/Pods-MorrTechPaymentProject/Pods-MorrTechPaymentProject-frameworks-${CONFIGURATION}-output-files.xcfilelist",
			);
			runOnlyForDeploymentPostprocessing = 0;
			shellPath = /bin/sh;
			shellScript = "\"${PODS_ROOT}/Target Support Files/Pods-MorrTechPaymentProject/Pods-MorrTechPaymentProject-frameworks.sh\"\n";
			showEnvVarsInLog = 0;
		};
		AD1986DFBDDB1F8E57A8F1AF /* [CP] Check Pods Manifest.lock */ = {
			isa = PBXShellScriptBuildPhase;
			buildActionMask = 2147483647;
			files = (
			);
			inputFileListPaths = (
			);
			inputPaths = (
				"${PODS_PODFILE_DIR_PATH}/Podfile.lock",
				"${PODS_ROOT}/Manifest.lock",
			);
			name = "[CP] Check Pods Manifest.lock";
			outputFileListPaths = (
			);
			outputPaths = (
				"$(DERIVED_FILE_DIR)/Pods-MorrTechPaymentProject-checkManifestLockResult.txt",
			);
			runOnlyForDeploymentPostprocessing = 0;
			shellPath = /bin/sh;
			shellScript = "diff \"${PODS_PODFILE_DIR_PATH}/Podfile.lock\" \"${PODS_ROOT}/Manifest.lock\" > /dev/null\nif [ $? != 0 ] ; then\n    # print error to STDERR\n    echo \"error: The sandbox is not in sync with the Podfile.lock. Run 'pod install' or update your CocoaPods installation.\" >&2\n    exit 1\nfi\n# This output is used by Xcode 'outputs' to avoid re-running this script phase.\necho \"SUCCESS\" > \"${SCRIPT_OUTPUT_FILE_0}\"\n";
			showEnvVarsInLog = 0;
		};
		F7D4822206D7F22B6C388636 /* [CP] Check Pods Manifest.lock */ = {
			isa = PBXShellScriptBuildPhase;
			buildActionMask = 2147483647;
			files = (
			);
			inputFileListPaths = (
			);
			inputPaths = (
				"${PODS_PODFILE_DIR_PATH}/Podfile.lock",
				"${PODS_ROOT}/Manifest.lock",
			);
			name = "[CP] Check Pods Manifest.lock";
			outputFileListPaths = (
			);
			outputPaths = (
				"$(DERIVED_FILE_DIR)/Pods-MorrTechPaymentProjectTests-checkManifestLockResult.txt",
			);
			runOnlyForDeploymentPostprocessing = 0;
			shellPath = /bin/sh;
			shellScript = "diff \"${PODS_PODFILE_DIR_PATH}/Podfile.lock\" \"${PODS_ROOT}/Manifest.lock\" > /dev/null\nif [ $? != 0 ] ; then\n    # print error to STDERR\n    echo \"error: The sandbox is not in sync with the Podfile.lock. Run 'pod install' or update your CocoaPods installation.\" >&2\n    exit 1\nfi\n# This output is used by Xcode 'outputs' to avoid re-running this script phase.\necho \"SUCCESS\" > \"${SCRIPT_OUTPUT_FILE_0}\"\n";
			showEnvVarsInLog = 0;
		};
/* End PBXShellScriptBuildPhase section */

/* Begin PBXSourcesBuildPhase section */
		0DD7673E25A7A61F00A516F6 /* Sources */ = {
			isa = PBXSourcesBuildPhase;
			buildActionMask = 2147483647;
			files = (
				0DD7675025A7A61F00A516F6 /* MorrTechPaymentProject.xcdatamodeld in Sources */,
				0DD7678825A7A87200A516F6 /* InputCardDetailsViewController.swift in Sources */,
				0DD7674625A7A61F00A516F6 /* AppDelegate.swift in Sources */,
				0D54B53225A8761C00C61E04 /* HelperMethods.swift in Sources */,
				0DD7674825A7A61F00A516F6 /* SceneDelegate.swift in Sources */,
				0D54B51425A7F67A00C61E04 /* String+Extension.swift in Sources */,
				0D54B4E125A7D90900C61E04 /* PaymentSuccessfulViewController.swift in Sources */,
			);
			runOnlyForDeploymentPostprocessing = 0;
		};
		0DD7675725A7A62400A516F6 /* Sources */ = {
			isa = PBXSourcesBuildPhase;
			buildActionMask = 2147483647;
			files = (
				0DD7676025A7A62400A516F6 /* MorrTechPaymentProjectTests.swift in Sources */,
			);
			runOnlyForDeploymentPostprocessing = 0;
		};
		0DD7676225A7A62400A516F6 /* Sources */ = {
			isa = PBXSourcesBuildPhase;
			buildActionMask = 2147483647;
			files = (
				0DD7676B25A7A62400A516F6 /* MorrTechPaymentProjectUITests.swift in Sources */,
			);
			runOnlyForDeploymentPostprocessing = 0;
		};
/* End PBXSourcesBuildPhase section */

/* Begin PBXTargetDependency section */
		0DD7675D25A7A62400A516F6 /* PBXTargetDependency */ = {
			isa = PBXTargetDependency;
			target = 0DD7674125A7A61F00A516F6 /* MorrTechPaymentProject */;
			targetProxy = 0DD7675C25A7A62400A516F6 /* PBXContainerItemProxy */;
		};
		0DD7676825A7A62400A516F6 /* PBXTargetDependency */ = {
			isa = PBXTargetDependency;
			target = 0DD7674125A7A61F00A516F6 /* MorrTechPaymentProject */;
			targetProxy = 0DD7676725A7A62400A516F6 /* PBXContainerItemProxy */;
		};
/* End PBXTargetDependency section */

/* Begin PBXVariantGroup section */
		0DD7674B25A7A61F00A516F6 /* Main.storyboard */ = {
			isa = PBXVariantGroup;
			children = (
				0DD7674C25A7A61F00A516F6 /* Base */,
			);
			name = Main.storyboard;
			sourceTree = "<group>";
		};
		0DD7675325A7A62300A516F6 /* LaunchScreen.storyboard */ = {
			isa = PBXVariantGroup;
			children = (
				0DD7675425A7A62300A516F6 /* Base */,
			);
			name = LaunchScreen.storyboard;
			sourceTree = "<group>";
		};
/* End PBXVariantGroup section */

/* Begin XCBuildConfiguration section */
		0DD7676D25A7A62400A516F6 /* Debug */ = {
			isa = XCBuildConfiguration;
			buildSettings = {
				ALWAYS_SEARCH_USER_PATHS = NO;
				CLANG_ANALYZER_NONNULL = YES;
				CLANG_ANALYZER_NUMBER_OBJECT_CONVERSION = YES_AGGRESSIVE;
				CLANG_CXX_LANGUAGE_STANDARD = "gnu++14";
				CLANG_CXX_LIBRARY = "libc++";
				CLANG_ENABLE_MODULES = YES;
				CLANG_ENABLE_OBJC_ARC = YES;
				CLANG_ENABLE_OBJC_WEAK = YES;
				CLANG_WARN_BLOCK_CAPTURE_AUTORELEASING = YES;
				CLANG_WARN_BOOL_CONVERSION = YES;
				CLANG_WARN_COMMA = YES;
				CLANG_WARN_CONSTANT_CONVERSION = YES;
				CLANG_WARN_DEPRECATED_OBJC_IMPLEMENTATIONS = YES;
				CLANG_WARN_DIRECT_OBJC_ISA_USAGE = YES_ERROR;
				CLANG_WARN_DOCUMENTATION_COMMENTS = YES;
				CLANG_WARN_EMPTY_BODY = YES;
				CLANG_WARN_ENUM_CONVERSION = YES;
				CLANG_WARN_INFINITE_RECURSION = YES;
				CLANG_WARN_INT_CONVERSION = YES;
				CLANG_WARN_NON_LITERAL_NULL_CONVERSION = YES;
				CLANG_WARN_OBJC_IMPLICIT_RETAIN_SELF = YES;
				CLANG_WARN_OBJC_LITERAL_CONVERSION = YES;
				CLANG_WARN_OBJC_ROOT_CLASS = YES_ERROR;
				CLANG_WARN_QUOTED_INCLUDE_IN_FRAMEWORK_HEADER = YES;
				CLANG_WARN_RANGE_LOOP_ANALYSIS = YES;
				CLANG_WARN_STRICT_PROTOTYPES = YES;
				CLANG_WARN_SUSPICIOUS_MOVE = YES;
				CLANG_WARN_UNGUARDED_AVAILABILITY = YES_AGGRESSIVE;
				CLANG_WARN_UNREACHABLE_CODE = YES;
				CLANG_WARN__DUPLICATE_METHOD_MATCH = YES;
				COPY_PHASE_STRIP = NO;
				DEBUG_INFORMATION_FORMAT = dwarf;
				ENABLE_STRICT_OBJC_MSGSEND = YES;
				ENABLE_TESTABILITY = YES;
				GCC_C_LANGUAGE_STANDARD = gnu11;
				GCC_DYNAMIC_NO_PIC = NO;
				GCC_NO_COMMON_BLOCKS = YES;
				GCC_OPTIMIZATION_LEVEL = 0;
				GCC_PREPROCESSOR_DEFINITIONS = (
					"DEBUG=1",
					"$(inherited)",
				);
				GCC_WARN_64_TO_32_BIT_CONVERSION = YES;
				GCC_WARN_ABOUT_RETURN_TYPE = YES_ERROR;
				GCC_WARN_UNDECLARED_SELECTOR = YES;
				GCC_WARN_UNINITIALIZED_AUTOS = YES_AGGRESSIVE;
				GCC_WARN_UNUSED_FUNCTION = YES;
				GCC_WARN_UNUSED_VARIABLE = YES;
				IPHONEOS_DEPLOYMENT_TARGET = 14.2;
				MTL_ENABLE_DEBUG_INFO = INCLUDE_SOURCE;
				MTL_FAST_MATH = YES;
				ONLY_ACTIVE_ARCH = YES;
				SDKROOT = iphoneos;
				SWIFT_ACTIVE_COMPILATION_CONDITIONS = DEBUG;
				SWIFT_OPTIMIZATION_LEVEL = "-Onone";
			};
			name = Debug;
		};
		0DD7676E25A7A62400A516F6 /* Release */ = {
			isa = XCBuildConfiguration;
			buildSettings = {
				ALWAYS_SEARCH_USER_PATHS = NO;
				CLANG_ANALYZER_NONNULL = YES;
				CLANG_ANALYZER_NUMBER_OBJECT_CONVERSION = YES_AGGRESSIVE;
				CLANG_CXX_LANGUAGE_STANDARD = "gnu++14";
				CLANG_CXX_LIBRARY = "libc++";
				CLANG_ENABLE_MODULES = YES;
				CLANG_ENABLE_OBJC_ARC = YES;
				CLANG_ENABLE_OBJC_WEAK = YES;
				CLANG_WARN_BLOCK_CAPTURE_AUTORELEASING = YES;
				CLANG_WARN_BOOL_CONVERSION = YES;
				CLANG_WARN_COMMA = YES;
				CLANG_WARN_CONSTANT_CONVERSION = YES;
				CLANG_WARN_DEPRECATED_OBJC_IMPLEMENTATIONS = YES;
				CLANG_WARN_DIRECT_OBJC_ISA_USAGE = YES_ERROR;
				CLANG_WARN_DOCUMENTATION_COMMENTS = YES;
				CLANG_WARN_EMPTY_BODY = YES;
				CLANG_WARN_ENUM_CONVERSION = YES;
				CLANG_WARN_INFINITE_RECURSION = YES;
				CLANG_WARN_INT_CONVERSION = YES;
				CLANG_WARN_NON_LITERAL_NULL_CONVERSION = YES;
				CLANG_WARN_OBJC_IMPLICIT_RETAIN_SELF = YES;
				CLANG_WARN_OBJC_LITERAL_CONVERSION = YES;
				CLANG_WARN_OBJC_ROOT_CLASS = YES_ERROR;
				CLANG_WARN_QUOTED_INCLUDE_IN_FRAMEWORK_HEADER = YES;
				CLANG_WARN_RANGE_LOOP_ANALYSIS = YES;
				CLANG_WARN_STRICT_PROTOTYPES = YES;
				CLANG_WARN_SUSPICIOUS_MOVE = YES;
				CLANG_WARN_UNGUARDED_AVAILABILITY = YES_AGGRESSIVE;
				CLANG_WARN_UNREACHABLE_CODE = YES;
				CLANG_WARN__DUPLICATE_METHOD_MATCH = YES;
				COPY_PHASE_STRIP = NO;
				DEBUG_INFORMATION_FORMAT = "dwarf-with-dsym";
				ENABLE_NS_ASSERTIONS = NO;
				ENABLE_STRICT_OBJC_MSGSEND = YES;
				GCC_C_LANGUAGE_STANDARD = gnu11;
				GCC_NO_COMMON_BLOCKS = YES;
				GCC_WARN_64_TO_32_BIT_CONVERSION = YES;
				GCC_WARN_ABOUT_RETURN_TYPE = YES_ERROR;
				GCC_WARN_UNDECLARED_SELECTOR = YES;
				GCC_WARN_UNINITIALIZED_AUTOS = YES_AGGRESSIVE;
				GCC_WARN_UNUSED_FUNCTION = YES;
				GCC_WARN_UNUSED_VARIABLE = YES;
				IPHONEOS_DEPLOYMENT_TARGET = 14.2;
				MTL_ENABLE_DEBUG_INFO = NO;
				MTL_FAST_MATH = YES;
				SDKROOT = iphoneos;
				SWIFT_COMPILATION_MODE = wholemodule;
				SWIFT_OPTIMIZATION_LEVEL = "-O";
				VALIDATE_PRODUCT = YES;
			};
			name = Release;
		};
		0DD7677025A7A62400A516F6 /* Debug */ = {
			isa = XCBuildConfiguration;
			baseConfigurationReference = 029A88120485991DE7722AD9 /* Pods-MorrTechPaymentProject.debug.xcconfig */;
			buildSettings = {
				ASSETCATALOG_COMPILER_APPICON_NAME = AppIcon;
				ASSETCATALOG_COMPILER_GLOBAL_ACCENT_COLOR_NAME = AccentColor;
				CODE_SIGN_STYLE = Automatic;
				DEVELOPMENT_TEAM = CR2K7K85K7;
				INFOPLIST_FILE = MorrTechPaymentProject/Info.plist;
				LD_RUNPATH_SEARCH_PATHS = (
					"$(inherited)",
					"@executable_path/Frameworks",
				);
				PRODUCT_BUNDLE_IDENTIFIER = com.wwdc.MorrTechPaymentProject;
				PRODUCT_NAME = "$(TARGET_NAME)";
				SWIFT_VERSION = 5.0;
				TARGETED_DEVICE_FAMILY = "1,2";
			};
			name = Debug;
		};
		0DD7677125A7A62400A516F6 /* Release */ = {
			isa = XCBuildConfiguration;
			baseConfigurationReference = 0EE57D13A56C4E279CB896EF /* Pods-MorrTechPaymentProject.release.xcconfig */;
			buildSettings = {
				ASSETCATALOG_COMPILER_APPICON_NAME = AppIcon;
				ASSETCATALOG_COMPILER_GLOBAL_ACCENT_COLOR_NAME = AccentColor;
				CODE_SIGN_STYLE = Automatic;
				DEVELOPMENT_TEAM = CR2K7K85K7;
				INFOPLIST_FILE = MorrTechPaymentProject/Info.plist;
				LD_RUNPATH_SEARCH_PATHS = (
					"$(inherited)",
					"@executable_path/Frameworks",
				);
				PRODUCT_BUNDLE_IDENTIFIER = com.wwdc.MorrTechPaymentProject;
				PRODUCT_NAME = "$(TARGET_NAME)";
				SWIFT_VERSION = 5.0;
				TARGETED_DEVICE_FAMILY = "1,2";
			};
			name = Release;
		};
		0DD7677325A7A62400A516F6 /* Debug */ = {
			isa = XCBuildConfiguration;
			baseConfigurationReference = 9E8B64ED881B69F7755C5963 /* Pods-MorrTechPaymentProjectTests.debug.xcconfig */;
			buildSettings = {
				ALWAYS_EMBED_SWIFT_STANDARD_LIBRARIES = YES;
				BUNDLE_LOADER = "$(TEST_HOST)";
				CODE_SIGN_STYLE = Automatic;
				DEVELOPMENT_TEAM = CR2K7K85K7;
				INFOPLIST_FILE = MorrTechPaymentProjectTests/Info.plist;
				IPHONEOS_DEPLOYMENT_TARGET = 14.2;
				LD_RUNPATH_SEARCH_PATHS = (
					"$(inherited)",
					"@executable_path/Frameworks",
					"@loader_path/Frameworks",
				);
				PRODUCT_BUNDLE_IDENTIFIER = com.wwdc.MorrTechPaymentProjectTests;
				PRODUCT_NAME = "$(TARGET_NAME)";
				SWIFT_VERSION = 5.0;
				TARGETED_DEVICE_FAMILY = "1,2";
				TEST_HOST = "$(BUILT_PRODUCTS_DIR)/MorrTechPaymentProject.app/MorrTechPaymentProject";
			};
			name = Debug;
		};
		0DD7677425A7A62400A516F6 /* Release */ = {
			isa = XCBuildConfiguration;
			baseConfigurationReference = DDF282758140038677A05171 /* Pods-MorrTechPaymentProjectTests.release.xcconfig */;
			buildSettings = {
				ALWAYS_EMBED_SWIFT_STANDARD_LIBRARIES = YES;
				BUNDLE_LOADER = "$(TEST_HOST)";
				CODE_SIGN_STYLE = Automatic;
				DEVELOPMENT_TEAM = CR2K7K85K7;
				INFOPLIST_FILE = MorrTechPaymentProjectTests/Info.plist;
				IPHONEOS_DEPLOYMENT_TARGET = 14.2;
				LD_RUNPATH_SEARCH_PATHS = (
					"$(inherited)",
					"@executable_path/Frameworks",
					"@loader_path/Frameworks",
				);
				PRODUCT_BUNDLE_IDENTIFIER = com.wwdc.MorrTechPaymentProjectTests;
				PRODUCT_NAME = "$(TARGET_NAME)";
				SWIFT_VERSION = 5.0;
				TARGETED_DEVICE_FAMILY = "1,2";
				TEST_HOST = "$(BUILT_PRODUCTS_DIR)/MorrTechPaymentProject.app/MorrTechPaymentProject";
			};
			name = Release;
		};
		0DD7677625A7A62400A516F6 /* Debug */ = {
			isa = XCBuildConfiguration;
			baseConfigurationReference = 217A63C10C877228C616CD76 /* Pods-MorrTechPaymentProject-MorrTechPaymentProjectUITests.debug.xcconfig */;
			buildSettings = {
				ALWAYS_EMBED_SWIFT_STANDARD_LIBRARIES = YES;
				CODE_SIGN_STYLE = Automatic;
				DEVELOPMENT_TEAM = CR2K7K85K7;
				INFOPLIST_FILE = MorrTechPaymentProjectUITests/Info.plist;
				LD_RUNPATH_SEARCH_PATHS = (
					"$(inherited)",
					"@executable_path/Frameworks",
					"@loader_path/Frameworks",
				);
				PRODUCT_BUNDLE_IDENTIFIER = com.wwdc.MorrTechPaymentProjectUITests;
				PRODUCT_NAME = "$(TARGET_NAME)";
				SWIFT_VERSION = 5.0;
				TARGETED_DEVICE_FAMILY = "1,2";
				TEST_TARGET_NAME = MorrTechPaymentProject;
			};
			name = Debug;
		};
		0DD7677725A7A62400A516F6 /* Release */ = {
			isa = XCBuildConfiguration;
			baseConfigurationReference = D82A4184BC978066A7C40D15 /* Pods-MorrTechPaymentProject-MorrTechPaymentProjectUITests.release.xcconfig */;
			buildSettings = {
				ALWAYS_EMBED_SWIFT_STANDARD_LIBRARIES = YES;
				CODE_SIGN_STYLE = Automatic;
				DEVELOPMENT_TEAM = CR2K7K85K7;
				INFOPLIST_FILE = MorrTechPaymentProjectUITests/Info.plist;
				LD_RUNPATH_SEARCH_PATHS = (
					"$(inherited)",
					"@executable_path/Frameworks",
					"@loader_path/Frameworks",
				);
				PRODUCT_BUNDLE_IDENTIFIER = com.wwdc.MorrTechPaymentProjectUITests;
				PRODUCT_NAME = "$(TARGET_NAME)";
				SWIFT_VERSION = 5.0;
				TARGETED_DEVICE_FAMILY = "1,2";
				TEST_TARGET_NAME = MorrTechPaymentProject;
			};
			name = Release;
		};
/* End XCBuildConfiguration section */

/* Begin XCConfigurationList section */
		0DD7673D25A7A61F00A516F6 /* Build configuration list for PBXProject "MorrTechPaymentProject" */ = {
			isa = XCConfigurationList;
			buildConfigurations = (
				0DD7676D25A7A62400A516F6 /* Debug */,
				0DD7676E25A7A62400A516F6 /* Release */,
			);
			defaultConfigurationIsVisible = 0;
			defaultConfigurationName = Release;
		};
		0DD7676F25A7A62400A516F6 /* Build configuration list for PBXNativeTarget "MorrTechPaymentProject" */ = {
			isa = XCConfigurationList;
			buildConfigurations = (
				0DD7677025A7A62400A516F6 /* Debug */,
				0DD7677125A7A62400A516F6 /* Release */,
			);
			defaultConfigurationIsVisible = 0;
			defaultConfigurationName = Release;
		};
		0DD7677225A7A62400A516F6 /* Build configuration list for PBXNativeTarget "MorrTechPaymentProjectTests" */ = {
			isa = XCConfigurationList;
			buildConfigurations = (
				0DD7677325A7A62400A516F6 /* Debug */,
				0DD7677425A7A62400A516F6 /* Release */,
			);
			defaultConfigurationIsVisible = 0;
			defaultConfigurationName = Release;
		};
		0DD7677525A7A62400A516F6 /* Build configuration list for PBXNativeTarget "MorrTechPaymentProjectUITests" */ = {
			isa = XCConfigurationList;
			buildConfigurations = (
				0DD7677625A7A62400A516F6 /* Debug */,
				0DD7677725A7A62400A516F6 /* Release */,
			);
			defaultConfigurationIsVisible = 0;
			defaultConfigurationName = Release;
		};
/* End XCConfigurationList section */

/* Begin XCVersionGroup section */
		0DD7674E25A7A61F00A516F6 /* MorrTechPaymentProject.xcdatamodeld */ = {
			isa = XCVersionGroup;
			children = (
				0DD7674F25A7A61F00A516F6 /* MorrTechPaymentProject.xcdatamodel */,
			);
			currentVersion = 0DD7674F25A7A61F00A516F6 /* MorrTechPaymentProject.xcdatamodel */;
			path = MorrTechPaymentProject.xcdatamodeld;
			sourceTree = "<group>";
			versionGroupType = wrapper.xcdatamodel;
		};
/* End XCVersionGroup section */
	};
	rootObject = 0DD7673A25A7A61F00A516F6 /* Project object */;
}
